Started by user Aju Manoharan
Checking out git https://github.com/ajumanoh/terraform_aws_fullstack into /Users/mahimaaju/.jenkins/workspace/terraform_fullstack@script to read Jenkinsfile
The recommended git tool is: NONE
No credentials specified
 > git rev-parse --resolve-git-dir /Users/mahimaaju/.jenkins/workspace/terraform_fullstack@script/.git # timeout=10
Fetching changes from the remote Git repository
 > git config remote.origin.url https://github.com/ajumanoh/terraform_aws_fullstack # timeout=10
Fetching upstream changes from https://github.com/ajumanoh/terraform_aws_fullstack
 > git --version # timeout=10
 > git --version # 'git version 2.30.1 (Apple Git-130)'
 > git fetch --tags --force --progress -- https://github.com/ajumanoh/terraform_aws_fullstack +refs/heads/*:refs/remotes/origin/* # timeout=10
 > git rev-parse refs/remotes/origin/master^{commit} # timeout=10
Checking out Revision 1bb88b18da9bc96165a429ff7e44b30608e2c398 (refs/remotes/origin/master)
 > git config core.sparsecheckout # timeout=10
 > git checkout -f 1bb88b18da9bc96165a429ff7e44b30608e2c398 # timeout=10
Commit message: "AUpdated Jenkins file to add terraform init before destroy"
 > git rev-list --no-walk e6bc7ac4453c239d3807dd99c98cb39d08368749 # timeout=10
Running in Durability level: MAX_SURVIVABILITY
[Pipeline] Start of Pipeline
[Pipeline] node
Running on Jenkins in /Users/mahimaaju/.jenkins/workspace/terraform_fullstack
[Pipeline] {
[Pipeline] stage
[Pipeline] { (Declarative: Checkout SCM)
[Pipeline] checkout
The recommended git tool is: NONE
No credentials specified
 > git rev-parse --resolve-git-dir /Users/mahimaaju/.jenkins/workspace/terraform_fullstack/.git # timeout=10
Fetching changes from the remote Git repository
 > git config remote.origin.url https://github.com/ajumanoh/terraform_aws_fullstack # timeout=10
Fetching upstream changes from https://github.com/ajumanoh/terraform_aws_fullstack
 > git --version # timeout=10
 > git --version # 'git version 2.30.1 (Apple Git-130)'
 > git fetch --tags --force --progress -- https://github.com/ajumanoh/terraform_aws_fullstack +refs/heads/*:refs/remotes/origin/* # timeout=10
 > git rev-parse refs/remotes/origin/master^{commit} # timeout=10
Checking out Revision 1bb88b18da9bc96165a429ff7e44b30608e2c398 (refs/remotes/origin/master)
 > git config core.sparsecheckout # timeout=10
 > git checkout -f 1bb88b18da9bc96165a429ff7e44b30608e2c398 # timeout=10
Commit message: "AUpdated Jenkins file to add terraform init before destroy"
[Pipeline] }
[Pipeline] // stage
[Pipeline] withEnv
[Pipeline] {
[Pipeline] withCredentials
Masking supported pattern matches of $AWS_ACCESS_KEY_ID or $AWS_SECRET_ACCESS_KEY
[Pipeline] {
[Pipeline] withEnv
[Pipeline] {
[Pipeline] stage
[Pipeline] { (Declarative: Tool Install)
[Pipeline] tool
[Pipeline] envVarsForTool
[Pipeline] }
[Pipeline] // stage
[Pipeline] withEnv
[Pipeline] {
[Pipeline] stage
[Pipeline] { (Destroy)
Stage "Destroy" skipped due to when conditional
[Pipeline] }
[Pipeline] // stage
[Pipeline] stage
[Pipeline] { (Git checkout)
[Pipeline] tool
[Pipeline] envVarsForTool
[Pipeline] withEnv
[Pipeline] {
[Pipeline] git
The recommended git tool is: NONE
No credentials specified
 > git rev-parse --resolve-git-dir /Users/mahimaaju/.jenkins/workspace/terraform_fullstack/.git # timeout=10
Fetching changes from the remote Git repository
 > git config remote.origin.url https://github.com/ajumanoh/terraform_aws_fullstack # timeout=10
Fetching upstream changes from https://github.com/ajumanoh/terraform_aws_fullstack
 > git --version # timeout=10
 > git --version # 'git version 2.30.1 (Apple Git-130)'
 > git fetch --tags --force --progress -- https://github.com/ajumanoh/terraform_aws_fullstack +refs/heads/*:refs/remotes/origin/* # timeout=10
 > git rev-parse refs/remotes/origin/master^{commit} # timeout=10
Checking out Revision 1bb88b18da9bc96165a429ff7e44b30608e2c398 (refs/remotes/origin/master)
 > git config core.sparsecheckout # timeout=10
 > git checkout -f 1bb88b18da9bc96165a429ff7e44b30608e2c398 # timeout=10
 > git branch -a -v --no-abbrev # timeout=10
 > git checkout -b master 1bb88b18da9bc96165a429ff7e44b30608e2c398 # timeout=10
Commit message: "AUpdated Jenkins file to add terraform init before destroy"
[Pipeline] }
[Pipeline] // withEnv
[Pipeline] }
[Pipeline] // stage
[Pipeline] stage
[Pipeline] { (Plan)
[Pipeline] tool
[Pipeline] envVarsForTool
[Pipeline] withEnv
[Pipeline] {
[Pipeline] script
[Pipeline] {
[Pipeline] }
[Pipeline] // script
[Pipeline] sh
+ terraform init
[0m[1mInitializing modules...[0m
Downloading terraform-aws-modules/vpc/aws 3.2.0 for vpc...
- vpc in .terraform/modules/vpc

[0m[1mInitializing the backend...[0m

[0m[1mInitializing provider plugins...[0m
- Finding hashicorp/aws versions matching ">= 3.15.0, ~> 3.48"...
- Installing hashicorp/aws v3.49.0...
- Installed hashicorp/aws v3.49.0 (signed by HashiCorp)

Terraform has created a lock file [1m.terraform.lock.hcl[0m to record the provider
selections it made above. Include this file in your version control repository
so that Terraform can guarantee to make the same selections by default when
you run "terraform init" in the future.[0m

[0m[1m[32mTerraform has been successfully initialized![0m[32m[0m
[Pipeline] sh
+ terraform workspace select default
[Pipeline] sh
+ terraform plan -out tfplan

Terraform used the selected providers to generate the following execution
plan. Resource actions are indicated with the following symbols:
  [32m+[0m create
[0m
Terraform will perform the following actions:

[1m  # aws_autoscaling_attachment.asg_attachment_web[0m will be created[0m[0m
[0m  [32m+[0m[0m resource "aws_autoscaling_attachment" "asg_attachment_web" {
      [32m+[0m [0m[1m[0malb_target_group_arn[0m[0m   = (known after apply)
      [32m+[0m [0m[1m[0mautoscaling_group_name[0m[0m = (known after apply)
      [32m+[0m [0m[1m[0mid[0m[0m                     = (known after apply)
    }

[1m  # aws_autoscaling_group.web_asg[0m will be created[0m[0m
[0m  [32m+[0m[0m resource "aws_autoscaling_group" "web_asg" {
      [32m+[0m [0m[1m[0marn[0m[0m                       = (known after apply)
      [32m+[0m [0m[1m[0mavailability_zones[0m[0m        = (known after apply)
      [32m+[0m [0m[1m[0mdefault_cooldown[0m[0m          = (known after apply)
      [32m+[0m [0m[1m[0mdesired_capacity[0m[0m          = 2
      [32m+[0m [0m[1m[0mforce_delete[0m[0m              = false
      [32m+[0m [0m[1m[0mforce_delete_warm_pool[0m[0m    = false
      [32m+[0m [0m[1m[0mhealth_check_grace_period[0m[0m = 300
      [32m+[0m [0m[1m[0mhealth_check_type[0m[0m         = (known after apply)
      [32m+[0m [0m[1m[0mid[0m[0m                        = (known after apply)
      [32m+[0m [0m[1m[0mmax_size[0m[0m                  = 4
      [32m+[0m [0m[1m[0mmetrics_granularity[0m[0m       = "1Minute"
      [32m+[0m [0m[1m[0mmin_size[0m[0m                  = 1
      [32m+[0m [0m[1m[0mname[0m[0m                      = "web-asg"
      [32m+[0m [0m[1m[0mname_prefix[0m[0m               = (known after apply)
      [32m+[0m [0m[1m[0mprotect_from_scale_in[0m[0m     = false
      [32m+[0m [0m[1m[0mservice_linked_role_arn[0m[0m   = (known after apply)
      [32m+[0m [0m[1m[0mvpc_zone_identifier[0m[0m       = (known after apply)
      [32m+[0m [0m[1m[0mwait_for_capacity_timeout[0m[0m = "10m"

      [32m+[0m [0mlaunch_template {
          [32m+[0m [0m[1m[0mid[0m[0m      = (known after apply)
          [32m+[0m [0m[1m[0mname[0m[0m    = (known after apply)
          [32m+[0m [0m[1m[0mversion[0m[0m = "$Latest"
        }
    }

[1m  # aws_launch_template.web_template[0m will be created[0m[0m
[0m  [32m+[0m[0m resource "aws_launch_template" "web_template" {
      [32m+[0m [0m[1m[0marn[0m[0m                    = (known after apply)
      [32m+[0m [0m[1m[0mdefault_version[0m[0m        = (known after apply)
      [32m+[0m [0m[1m[0mid[0m[0m                     = (known after apply)
      [32m+[0m [0m[1m[0mimage_id[0m[0m               = "ami-0de947f5f54764dc2"
      [32m+[0m [0m[1m[0minstance_type[0m[0m          = "t2.micro"
      [32m+[0m [0m[1m[0mkey_name[0m[0m               = "ajumano"
      [32m+[0m [0m[1m[0mlatest_version[0m[0m         = (known after apply)
      [32m+[0m [0m[1m[0mname[0m[0m                   = (known after apply)
      [32m+[0m [0m[1m[0mname_prefix[0m[0m            = "webserver"
      [32m+[0m [0m[1m[0mtags_all[0m[0m               = {
          [32m+[0m [0m"Environment" = "development"
          [32m+[0m [0m"Name"        = "full_stack"
        }
      [32m+[0m [0m[1m[0muser_data[0m[0m              = "IyEvYmluL2Jhc2gKc3VkbyB5dW0gLXkgdXBkYXRlCgplY2hvICJJbnN0YWxsIEFwYWNoZSIKc3VkbyB5dW0gLXkgaW5zdGFsbCBodHRwZAoKZWNobyAiSGVsbG8gZnJvbSBpcCAtICQoaG9zdG5hbWUgLUkpIiAgPiAvdmFyL3d3dy9odG1sL2luZGV4Lmh0bWwKCmVjaG8gIlN0YXJ0IEFwYWNoZSBTZXJ2ZXIiCnN1ZG8gc2VydmljZSBodHRwZCBzdGFydCAgCg=="
      [32m+[0m [0m[1m[0mvpc_security_group_ids[0m[0m = (known after apply)

      [32m+[0m [0mmetadata_options {
          [32m+[0m [0m[1m[0mhttp_endpoint[0m[0m               = (known after apply)
          [32m+[0m [0m[1m[0mhttp_put_response_hop_limit[0m[0m = (known after apply)
          [32m+[0m [0m[1m[0mhttp_tokens[0m[0m                 = (known after apply)
        }
    }

[1m  # aws_lb.web_alb[0m will be created[0m[0m
[0m  [32m+[0m[0m resource "aws_lb" "web_alb" {
      [32m+[0m [0m[1m[0marn[0m[0m                        = (known after apply)
      [32m+[0m [0m[1m[0marn_suffix[0m[0m                 = (known after apply)
      [32m+[0m [0m[1m[0mdns_name[0m[0m                   = (known after apply)
      [32m+[0m [0m[1m[0mdrop_invalid_header_fields[0m[0m = false
      [32m+[0m [0m[1m[0menable_deletion_protection[0m[0m = false
      [32m+[0m [0m[1m[0menable_http2[0m[0m               = true
      [32m+[0m [0m[1m[0mid[0m[0m                         = (known after apply)
      [32m+[0m [0m[1m[0midle_timeout[0m[0m               = 60
      [32m+[0m [0m[1m[0minternal[0m[0m                   = false
      [32m+[0m [0m[1m[0mip_address_type[0m[0m            = (known after apply)
      [32m+[0m [0m[1m[0mload_balancer_type[0m[0m         = "application"
      [32m+[0m [0m[1m[0mname[0m[0m                       = "web-alb"
      [32m+[0m [0m[1m[0msecurity_groups[0m[0m            = (known after apply)
      [32m+[0m [0m[1m[0msubnets[0m[0m                    = (known after apply)
      [32m+[0m [0m[1m[0mtags_all[0m[0m                   = {
          [32m+[0m [0m"Environment" = "development"
          [32m+[0m [0m"Name"        = "full_stack"
        }
      [32m+[0m [0m[1m[0mvpc_id[0m[0m                     = (known after apply)
      [32m+[0m [0m[1m[0mzone_id[0m[0m                    = (known after apply)

      [32m+[0m [0msubnet_mapping {
          [32m+[0m [0m[1m[0mallocation_id[0m[0m        = (known after apply)
          [32m+[0m [0m[1m[0mipv6_address[0m[0m         = (known after apply)
          [32m+[0m [0m[1m[0moutpost_id[0m[0m           = (known after apply)
          [32m+[0m [0m[1m[0mprivate_ipv4_address[0m[0m = (known after apply)
          [32m+[0m [0m[1m[0msubnet_id[0m[0m            = (known after apply)
        }
    }

[1m  # aws_lb_listener.web_alb-listner[0m will be created[0m[0m
[0m  [32m+[0m[0m resource "aws_lb_listener" "web_alb-listner" {
      [32m+[0m [0m[1m[0marn[0m[0m               = (known after apply)
      [32m+[0m [0m[1m[0mid[0m[0m                = (known after apply)
      [32m+[0m [0m[1m[0mload_balancer_arn[0m[0m = (known after apply)
      [32m+[0m [0m[1m[0mport[0m[0m              = 80
      [32m+[0m [0m[1m[0mprotocol[0m[0m          = "HTTP"
      [32m+[0m [0m[1m[0mssl_policy[0m[0m        = (known after apply)
      [32m+[0m [0m[1m[0mtags_all[0m[0m          = {
          [32m+[0m [0m"Environment" = "development"
          [32m+[0m [0m"Name"        = "full_stack"
        }

      [32m+[0m [0mdefault_action {
          [32m+[0m [0m[1m[0morder[0m[0m            = (known after apply)
          [32m+[0m [0m[1m[0mtarget_group_arn[0m[0m = (known after apply)
          [32m+[0m [0m[1m[0mtype[0m[0m             = "forward"
        }
    }

[1m  # aws_lb_listener_rule.web_alb-listner-rule[0m will be created[0m[0m
[0m  [32m+[0m[0m resource "aws_lb_listener_rule" "web_alb-listner-rule" {
      [32m+[0m [0m[1m[0marn[0m[0m          = (known after apply)
      [32m+[0m [0m[1m[0mid[0m[0m           = (known after apply)
      [32m+[0m [0m[1m[0mlistener_arn[0m[0m = (known after apply)
      [32m+[0m [0m[1m[0mpriority[0m[0m     = 100
      [32m+[0m [0m[1m[0mtags_all[0m[0m     = {
          [32m+[0m [0m"Environment" = "development"
          [32m+[0m [0m"Name"        = "full_stack"
        }

      [32m+[0m [0maction {
          [32m+[0m [0m[1m[0morder[0m[0m            = (known after apply)
          [32m+[0m [0m[1m[0mtarget_group_arn[0m[0m = (known after apply)
          [32m+[0m [0m[1m[0mtype[0m[0m             = "forward"
        }

      [32m+[0m [0mcondition {

          [32m+[0m [0mpath_pattern {
              [32m+[0m [0m[1m[0mvalues[0m[0m = [
                  [32m+[0m [0m"/",
                ]
            }
        }
    }

[1m  # aws_lb_target_group.web_alb_tg[0m will be created[0m[0m
[0m  [32m+[0m[0m resource "aws_lb_target_group" "web_alb_tg" {
      [32m+[0m [0m[1m[0marn[0m[0m                                = (known after apply)
      [32m+[0m [0m[1m[0marn_suffix[0m[0m                         = (known after apply)
      [32m+[0m [0m[1m[0mderegistration_delay[0m[0m               = 300
      [32m+[0m [0m[1m[0mid[0m[0m                                 = (known after apply)
      [32m+[0m [0m[1m[0mlambda_multi_value_headers_enabled[0m[0m = false
      [32m+[0m [0m[1m[0mload_balancing_algorithm_type[0m[0m      = (known after apply)
      [32m+[0m [0m[1m[0mname[0m[0m                               = "web-alb-tg"
      [32m+[0m [0m[1m[0mport[0m[0m                               = 80
      [32m+[0m [0m[1m[0mpreserve_client_ip[0m[0m                 = (known after apply)
      [32m+[0m [0m[1m[0mprotocol[0m[0m                           = "HTTP"
      [32m+[0m [0m[1m[0mprotocol_version[0m[0m                   = (known after apply)
      [32m+[0m [0m[1m[0mproxy_protocol_v2[0m[0m                  = false
      [32m+[0m [0m[1m[0mslow_start[0m[0m                         = 0
      [32m+[0m [0m[1m[0mtags_all[0m[0m                           = {
          [32m+[0m [0m"Environment" = "development"
          [32m+[0m [0m"Name"        = "full_stack"
        }
      [32m+[0m [0m[1m[0mtarget_type[0m[0m                        = "instance"
      [32m+[0m [0m[1m[0mvpc_id[0m[0m                             = (known after apply)

      [32m+[0m [0mhealth_check {
          [32m+[0m [0m[1m[0menabled[0m[0m             = true
          [32m+[0m [0m[1m[0mhealthy_threshold[0m[0m   = 2
          [32m+[0m [0m[1m[0minterval[0m[0m            = 30
          [32m+[0m [0m[1m[0mmatcher[0m[0m             = "200"
          [32m+[0m [0m[1m[0mpath[0m[0m                = "/"
          [32m+[0m [0m[1m[0mport[0m[0m                = "80"
          [32m+[0m [0m[1m[0mprotocol[0m[0m            = "HTTP"
          [32m+[0m [0m[1m[0mtimeout[0m[0m             = 10
          [32m+[0m [0m[1m[0munhealthy_threshold[0m[0m = 2
        }

      [32m+[0m [0mstickiness {
          [32m+[0m [0m[1m[0mcookie_duration[0m[0m = (known after apply)
          [32m+[0m [0m[1m[0mcookie_name[0m[0m     = (known after apply)
          [32m+[0m [0m[1m[0menabled[0m[0m         = (known after apply)
          [32m+[0m [0m[1m[0mtype[0m[0m            = (known after apply)
        }
    }

[1m  # aws_security_group.alb[0m will be created[0m[0m
[0m  [32m+[0m[0m resource "aws_security_group" "alb" {
      [32m+[0m [0m[1m[0marn[0m[0m                    = (known after apply)
      [32m+[0m [0m[1m[0mdescription[0m[0m            = "Security group for ALB"
      [32m+[0m [0m[1m[0megress[0m[0m                 = [
          [32m+[0m [0m{
              [32m+[0m [0mcidr_blocks      = [
                  [32m+[0m [0m"0.0.0.0/0",
                ]
              [32m+[0m [0mdescription      = ""
              [32m+[0m [0mfrom_port        = 0
              [32m+[0m [0mipv6_cidr_blocks = [
                  [32m+[0m [0m"::/0",
                ]
              [32m+[0m [0mprefix_list_ids  = []
              [32m+[0m [0mprotocol         = "-1"
              [32m+[0m [0msecurity_groups  = []
              [32m+[0m [0mself             = false
              [32m+[0m [0mto_port          = 0
            },
        ]
      [32m+[0m [0m[1m[0mid[0m[0m                     = (known after apply)
      [32m+[0m [0m[1m[0mingress[0m[0m                = [
          [32m+[0m [0m{
              [32m+[0m [0mcidr_blocks      = [
                  [32m+[0m [0m"0.0.0.0/0",
                ]
              [32m+[0m [0mdescription      = "HTTP"
              [32m+[0m [0mfrom_port        = 80
              [32m+[0m [0mipv6_cidr_blocks = [
                  [32m+[0m [0m"::/0",
                ]
              [32m+[0m [0mprefix_list_ids  = []
              [32m+[0m [0mprotocol         = "tcp"
              [32m+[0m [0msecurity_groups  = []
              [32m+[0m [0mself             = false
              [32m+[0m [0mto_port          = 80
            },
        ]
      [32m+[0m [0m[1m[0mname[0m[0m                   = "alb_sg"
      [32m+[0m [0m[1m[0mname_prefix[0m[0m            = (known after apply)
      [32m+[0m [0m[1m[0mowner_id[0m[0m               = (known after apply)
      [32m+[0m [0m[1m[0mrevoke_rules_on_delete[0m[0m = false
      [32m+[0m [0m[1m[0mtags[0m[0m                   = {
          [32m+[0m [0m"Name" = "alb_sg"
        }
      [32m+[0m [0m[1m[0mtags_all[0m[0m               = {
          [32m+[0m [0m"Environment" = "development"
          [32m+[0m [0m"Name"        = "alb_sg"
        }
      [32m+[0m [0m[1m[0mvpc_id[0m[0m                 = (known after apply)
    }

[1m  # aws_security_group.rds[0m will be created[0m[0m
[0m  [32m+[0m[0m resource "aws_security_group" "rds" {
      [32m+[0m [0m[1m[0marn[0m[0m                    = (known after apply)
      [32m+[0m [0m[1m[0mdescription[0m[0m            = "Security group for backend RDS"
      [32m+[0m [0m[1m[0megress[0m[0m                 = [
          [32m+[0m [0m{
              [32m+[0m [0mcidr_blocks      = [
                  [32m+[0m [0m"0.0.0.0/0",
                ]
              [32m+[0m [0mdescription      = ""
              [32m+[0m [0mfrom_port        = 0
              [32m+[0m [0mipv6_cidr_blocks = [
                  [32m+[0m [0m"::/0",
                ]
              [32m+[0m [0mprefix_list_ids  = []
              [32m+[0m [0mprotocol         = "-1"
              [32m+[0m [0msecurity_groups  = []
              [32m+[0m [0mself             = false
              [32m+[0m [0mto_port          = 0
            },
        ]
      [32m+[0m [0m[1m[0mid[0m[0m                     = (known after apply)
      [32m+[0m [0m[1m[0mingress[0m[0m                = [
          [32m+[0m [0m{
              [32m+[0m [0mcidr_blocks      = []
              [32m+[0m [0mdescription      = "PostgreSQL"
              [32m+[0m [0mfrom_port        = 5432
              [32m+[0m [0mipv6_cidr_blocks = []
              [32m+[0m [0mprefix_list_ids  = []
              [32m+[0m [0mprotocol         = "tcp"
              [32m+[0m [0msecurity_groups  = (known after apply)
              [32m+[0m [0mself             = false
              [32m+[0m [0mto_port          = 5432
            },
        ]
      [32m+[0m [0m[1m[0mname[0m[0m                   = "backend_rds"
      [32m+[0m [0m[1m[0mname_prefix[0m[0m            = (known after apply)
      [32m+[0m [0m[1m[0mowner_id[0m[0m               = (known after apply)
      [32m+[0m [0m[1m[0mrevoke_rules_on_delete[0m[0m = false
      [32m+[0m [0m[1m[0mtags[0m[0m                   = {
          [32m+[0m [0m"Name" = "PostgreSQL RDS"
        }
      [32m+[0m [0m[1m[0mtags_all[0m[0m               = {
          [32m+[0m [0m"Environment" = "development"
          [32m+[0m [0m"Name"        = "PostgreSQL RDS"
        }
      [32m+[0m [0m[1m[0mvpc_id[0m[0m                 = (known after apply)
    }

[1m  # aws_security_group.web_ec2[0m will be created[0m[0m
[0m  [32m+[0m[0m resource "aws_security_group" "web_ec2" {
      [32m+[0m [0m[1m[0marn[0m[0m                    = (known after apply)
      [32m+[0m [0m[1m[0mdescription[0m[0m            = "Security group for Webserver EC2"
      [32m+[0m [0m[1m[0megress[0m[0m                 = [
          [32m+[0m [0m{
              [32m+[0m [0mcidr_blocks      = [
                  [32m+[0m [0m"0.0.0.0/0",
                ]
              [32m+[0m [0mdescription      = ""
              [32m+[0m [0mfrom_port        = 0
              [32m+[0m [0mipv6_cidr_blocks = [
                  [32m+[0m [0m"::/0",
                ]
              [32m+[0m [0mprefix_list_ids  = []
              [32m+[0m [0mprotocol         = "-1"
              [32m+[0m [0msecurity_groups  = []
              [32m+[0m [0mself             = false
              [32m+[0m [0mto_port          = 0
            },
        ]
      [32m+[0m [0m[1m[0mid[0m[0m                     = (known after apply)
      [32m+[0m [0m[1m[0mingress[0m[0m                = [
          [32m+[0m [0m{
              [32m+[0m [0mcidr_blocks      = []
              [32m+[0m [0mdescription      = "TCP"
              [32m+[0m [0mfrom_port        = 80
              [32m+[0m [0mipv6_cidr_blocks = []
              [32m+[0m [0mprefix_list_ids  = []
              [32m+[0m [0mprotocol         = "tcp"
              [32m+[0m [0msecurity_groups  = (known after apply)
              [32m+[0m [0mself             = false
              [32m+[0m [0mto_port          = 80
            },
        ]
      [32m+[0m [0m[1m[0mname[0m[0m                   = "web_ec2"
      [32m+[0m [0m[1m[0mname_prefix[0m[0m            = (known after apply)
      [32m+[0m [0m[1m[0mowner_id[0m[0m               = (known after apply)
      [32m+[0m [0m[1m[0mrevoke_rules_on_delete[0m[0m = false
      [32m+[0m [0m[1m[0mtags[0m[0m                   = {
          [32m+[0m [0m"Name" = "web_ec2"
        }
      [32m+[0m [0m[1m[0mtags_all[0m[0m               = {
          [32m+[0m [0m"Environment" = "development"
          [32m+[0m [0m"Name"        = "web_ec2"
        }
      [32m+[0m [0m[1m[0mvpc_id[0m[0m                 = (known after apply)
    }

[1m  # module.vpc.aws_internet_gateway.this[0][0m will be created[0m[0m
[0m  [32m+[0m[0m resource "aws_internet_gateway" "this" {
      [32m+[0m [0m[1m[0marn[0m[0m      = (known after apply)
      [32m+[0m [0m[1m[0mid[0m[0m       = (known after apply)
      [32m+[0m [0m[1m[0mowner_id[0m[0m = (known after apply)
      [32m+[0m [0m[1m[0mtags[0m[0m     = {
          [32m+[0m [0m"Environment" = "Development"
          [32m+[0m [0m"Name"        = "fullstack"
          [32m+[0m [0m"Team"        = "Networking"
        }
      [32m+[0m [0m[1m[0mtags_all[0m[0m = {
          [32m+[0m [0m"Environment" = "Development"
          [32m+[0m [0m"Name"        = "fullstack"
          [32m+[0m [0m"Team"        = "Networking"
        }
      [32m+[0m [0m[1m[0mvpc_id[0m[0m   = (known after apply)
    }

[1m  # module.vpc.aws_route.public_internet_gateway[0][0m will be created[0m[0m
[0m  [32m+[0m[0m resource "aws_route" "public_internet_gateway" {
      [32m+[0m [0m[1m[0mdestination_cidr_block[0m[0m = "0.0.0.0/0"
      [32m+[0m [0m[1m[0mgateway_id[0m[0m             = (known after apply)
      [32m+[0m [0m[1m[0mid[0m[0m                     = (known after apply)
      [32m+[0m [0m[1m[0minstance_id[0m[0m            = (known after apply)
      [32m+[0m [0m[1m[0minstance_owner_id[0m[0m      = (known after apply)
      [32m+[0m [0m[1m[0mnetwork_interface_id[0m[0m   = (known after apply)
      [32m+[0m [0m[1m[0morigin[0m[0m                 = (known after apply)
      [32m+[0m [0m[1m[0mroute_table_id[0m[0m         = (known after apply)
      [32m+[0m [0m[1m[0mstate[0m[0m                  = (known after apply)

      [32m+[0m [0mtimeouts {
          [32m+[0m [0m[1m[0mcreate[0m[0m = "5m"
        }
    }

[1m  # module.vpc.aws_route_table.private[0][0m will be created[0m[0m
[0m  [32m+[0m[0m resource "aws_route_table" "private" {
      [32m+[0m [0m[1m[0marn[0m[0m              = (known after apply)
      [32m+[0m [0m[1m[0mid[0m[0m               = (known after apply)
      [32m+[0m [0m[1m[0mowner_id[0m[0m         = (known after apply)
      [32m+[0m [0m[1m[0mpropagating_vgws[0m[0m = (known after apply)
      [32m+[0m [0m[1m[0mroute[0m[0m            = (known after apply)
      [32m+[0m [0m[1m[0mtags[0m[0m             = {
          [32m+[0m [0m"Environment" = "Development"
          [32m+[0m [0m"Name"        = "fullstack-private-us-east-1a"
          [32m+[0m [0m"Team"        = "Networking"
        }
      [32m+[0m [0m[1m[0mtags_all[0m[0m         = {
          [32m+[0m [0m"Environment" = "Development"
          [32m+[0m [0m"Name"        = "fullstack-private-us-east-1a"
          [32m+[0m [0m"Team"        = "Networking"
        }
      [32m+[0m [0m[1m[0mvpc_id[0m[0m           = (known after apply)
    }

[1m  # module.vpc.aws_route_table.private[1][0m will be created[0m[0m
[0m  [32m+[0m[0m resource "aws_route_table" "private" {
      [32m+[0m [0m[1m[0marn[0m[0m              = (known after apply)
      [32m+[0m [0m[1m[0mid[0m[0m               = (known after apply)
      [32m+[0m [0m[1m[0mowner_id[0m[0m         = (known after apply)
      [32m+[0m [0m[1m[0mpropagating_vgws[0m[0m = (known after apply)
      [32m+[0m [0m[1m[0mroute[0m[0m            = (known after apply)
      [32m+[0m [0m[1m[0mtags[0m[0m             = {
          [32m+[0m [0m"Environment" = "Development"
          [32m+[0m [0m"Name"        = "fullstack-private-us-east-1b"
          [32m+[0m [0m"Team"        = "Networking"
        }
      [32m+[0m [0m[1m[0mtags_all[0m[0m         = {
          [32m+[0m [0m"Environment" = "Development"
          [32m+[0m [0m"Name"        = "fullstack-private-us-east-1b"
          [32m+[0m [0m"Team"        = "Networking"
        }
      [32m+[0m [0m[1m[0mvpc_id[0m[0m           = (known after apply)
    }

[1m  # module.vpc.aws_route_table.public[0][0m will be created[0m[0m
[0m  [32m+[0m[0m resource "aws_route_table" "public" {
      [32m+[0m [0m[1m[0marn[0m[0m              = (known after apply)
      [32m+[0m [0m[1m[0mid[0m[0m               = (known after apply)
      [32m+[0m [0m[1m[0mowner_id[0m[0m         = (known after apply)
      [32m+[0m [0m[1m[0mpropagating_vgws[0m[0m = (known after apply)
      [32m+[0m [0m[1m[0mroute[0m[0m            = (known after apply)
      [32m+[0m [0m[1m[0mtags[0m[0m             = {
          [32m+[0m [0m"Environment" = "Development"
          [32m+[0m [0m"Name"        = "fullstack-public"
          [32m+[0m [0m"Team"        = "Networking"
        }
      [32m+[0m [0m[1m[0mtags_all[0m[0m         = {
          [32m+[0m [0m"Environment" = "Development"
          [32m+[0m [0m"Name"        = "fullstack-public"
          [32m+[0m [0m"Team"        = "Networking"
        }
      [32m+[0m [0m[1m[0mvpc_id[0m[0m           = (known after apply)
    }

[1m  # module.vpc.aws_route_table_association.private[0][0m will be created[0m[0m
[0m  [32m+[0m[0m resource "aws_route_table_association" "private" {
      [32m+[0m [0m[1m[0mid[0m[0m             = (known after apply)
      [32m+[0m [0m[1m[0mroute_table_id[0m[0m = (known after apply)
      [32m+[0m [0m[1m[0msubnet_id[0m[0m      = (known after apply)
    }

[1m  # module.vpc.aws_route_table_association.private[1][0m will be created[0m[0m
[0m  [32m+[0m[0m resource "aws_route_table_association" "private" {
      [32m+[0m [0m[1m[0mid[0m[0m             = (known after apply)
      [32m+[0m [0m[1m[0mroute_table_id[0m[0m = (known after apply)
      [32m+[0m [0m[1m[0msubnet_id[0m[0m      = (known after apply)
    }

[1m  # module.vpc.aws_route_table_association.public[0][0m will be created[0m[0m
[0m  [32m+[0m[0m resource "aws_route_table_association" "public" {
      [32m+[0m [0m[1m[0mid[0m[0m             = (known after apply)
      [32m+[0m [0m[1m[0mroute_table_id[0m[0m = (known after apply)
      [32m+[0m [0m[1m[0msubnet_id[0m[0m      = (known after apply)
    }

[1m  # module.vpc.aws_route_table_association.public[1][0m will be created[0m[0m
[0m  [32m+[0m[0m resource "aws_route_table_association" "public" {
      [32m+[0m [0m[1m[0mid[0m[0m             = (known after apply)
      [32m+[0m [0m[1m[0mroute_table_id[0m[0m = (known after apply)
      [32m+[0m [0m[1m[0msubnet_id[0m[0m      = (known after apply)
    }

[1m  # module.vpc.aws_subnet.private[0][0m will be created[0m[0m
[0m  [32m+[0m[0m resource "aws_subnet" "private" {
      [32m+[0m [0m[1m[0marn[0m[0m                             = (known after apply)
      [32m+[0m [0m[1m[0massign_ipv6_address_on_creation[0m[0m = false
      [32m+[0m [0m[1m[0mavailability_zone[0m[0m               = "us-east-1a"
      [32m+[0m [0m[1m[0mavailability_zone_id[0m[0m            = (known after apply)
      [32m+[0m [0m[1m[0mcidr_block[0m[0m                      = "10.0.10.0/24"
      [32m+[0m [0m[1m[0mid[0m[0m                              = (known after apply)
      [32m+[0m [0m[1m[0mipv6_cidr_block_association_id[0m[0m  = (known after apply)
      [32m+[0m [0m[1m[0mmap_public_ip_on_launch[0m[0m         = false
      [32m+[0m [0m[1m[0mowner_id[0m[0m                        = (known after apply)
      [32m+[0m [0m[1m[0mtags[0m[0m                            = {
          [32m+[0m [0m"Environment" = "Development"
          [32m+[0m [0m"Name"        = "fullstack-private-us-east-1a"
          [32m+[0m [0m"Team"        = "Networking"
        }
      [32m+[0m [0m[1m[0mtags_all[0m[0m                        = {
          [32m+[0m [0m"Environment" = "Development"
          [32m+[0m [0m"Name"        = "fullstack-private-us-east-1a"
          [32m+[0m [0m"Team"        = "Networking"
        }
      [32m+[0m [0m[1m[0mvpc_id[0m[0m                          = (known after apply)
    }

[1m  # module.vpc.aws_subnet.private[1][0m will be created[0m[0m
[0m  [32m+[0m[0m resource "aws_subnet" "private" {
      [32m+[0m [0m[1m[0marn[0m[0m                             = (known after apply)
      [32m+[0m [0m[1m[0massign_ipv6_address_on_creation[0m[0m = false
      [32m+[0m [0m[1m[0mavailability_zone[0m[0m               = "us-east-1b"
      [32m+[0m [0m[1m[0mavailability_zone_id[0m[0m            = (known after apply)
      [32m+[0m [0m[1m[0mcidr_block[0m[0m                      = "10.0.11.0/24"
      [32m+[0m [0m[1m[0mid[0m[0m                              = (known after apply)
      [32m+[0m [0m[1m[0mipv6_cidr_block_association_id[0m[0m  = (known after apply)
      [32m+[0m [0m[1m[0mmap_public_ip_on_launch[0m[0m         = false
      [32m+[0m [0m[1m[0mowner_id[0m[0m                        = (known after apply)
      [32m+[0m [0m[1m[0mtags[0m[0m                            = {
          [32m+[0m [0m"Environment" = "Development"
          [32m+[0m [0m"Name"        = "fullstack-private-us-east-1b"
          [32m+[0m [0m"Team"        = "Networking"
        }
      [32m+[0m [0m[1m[0mtags_all[0m[0m                        = {
          [32m+[0m [0m"Environment" = "Development"
          [32m+[0m [0m"Name"        = "fullstack-private-us-east-1b"
          [32m+[0m [0m"Team"        = "Networking"
        }
      [32m+[0m [0m[1m[0mvpc_id[0m[0m                          = (known after apply)
    }

[1m  # module.vpc.aws_subnet.public[0][0m will be created[0m[0m
[0m  [32m+[0m[0m resource "aws_subnet" "public" {
      [32m+[0m [0m[1m[0marn[0m[0m                             = (known after apply)
      [32m+[0m [0m[1m[0massign_ipv6_address_on_creation[0m[0m = false
      [32m+[0m [0m[1m[0mavailability_zone[0m[0m               = "us-east-1a"
      [32m+[0m [0m[1m[0mavailability_zone_id[0m[0m            = (known after apply)
      [32m+[0m [0m[1m[0mcidr_block[0m[0m                      = "10.0.0.0/24"
      [32m+[0m [0m[1m[0mid[0m[0m                              = (known after apply)
      [32m+[0m [0m[1m[0mipv6_cidr_block_association_id[0m[0m  = (known after apply)
      [32m+[0m [0m[1m[0mmap_public_ip_on_launch[0m[0m         = true
      [32m+[0m [0m[1m[0mowner_id[0m[0m                        = (known after apply)
      [32m+[0m [0m[1m[0mtags[0m[0m                            = {
          [32m+[0m [0m"Environment" = "Development"
          [32m+[0m [0m"Name"        = "fullstack-public-us-east-1a"
          [32m+[0m [0m"Team"        = "Networking"
        }
      [32m+[0m [0m[1m[0mtags_all[0m[0m                        = {
          [32m+[0m [0m"Environment" = "Development"
          [32m+[0m [0m"Name"        = "fullstack-public-us-east-1a"
          [32m+[0m [0m"Team"        = "Networking"
        }
      [32m+[0m [0m[1m[0mvpc_id[0m[0m                          = (known after apply)
    }

[1m  # module.vpc.aws_subnet.public[1][0m will be created[0m[0m
[0m  [32m+[0m[0m resource "aws_subnet" "public" {
      [32m+[0m [0m[1m[0marn[0m[0m                             = (known after apply)
      [32m+[0m [0m[1m[0massign_ipv6_address_on_creation[0m[0m = false
      [32m+[0m [0m[1m[0mavailability_zone[0m[0m               = "us-east-1b"
      [32m+[0m [0m[1m[0mavailability_zone_id[0m[0m            = (known after apply)
      [32m+[0m [0m[1m[0mcidr_block[0m[0m                      = "10.0.1.0/24"
      [32m+[0m [0m[1m[0mid[0m[0m                              = (known after apply)
      [32m+[0m [0m[1m[0mipv6_cidr_block_association_id[0m[0m  = (known after apply)
      [32m+[0m [0m[1m[0mmap_public_ip_on_launch[0m[0m         = true
      [32m+[0m [0m[1m[0mowner_id[0m[0m                        = (known after apply)
      [32m+[0m [0m[1m[0mtags[0m[0m                            = {
          [32m+[0m [0m"Environment" = "Development"
          [32m+[0m [0m"Name"        = "fullstack-public-us-east-1b"
          [32m+[0m [0m"Team"        = "Networking"
        }
      [32m+[0m [0m[1m[0mtags_all[0m[0m                        = {
          [32m+[0m [0m"Environment" = "Development"
          [32m+[0m [0m"Name"        = "fullstack-public-us-east-1b"
          [32m+[0m [0m"Team"        = "Networking"
        }
      [32m+[0m [0m[1m[0mvpc_id[0m[0m                          = (known after apply)
    }

[1m  # module.vpc.aws_vpc.this[0][0m will be created[0m[0m
[0m  [32m+[0m[0m resource "aws_vpc" "this" {
      [32m+[0m [0m[1m[0marn[0m[0m                              = (known after apply)
      [32m+[0m [0m[1m[0massign_generated_ipv6_cidr_block[0m[0m = false
      [32m+[0m [0m[1m[0mcidr_block[0m[0m                       = "10.0.0.0/16"
      [32m+[0m [0m[1m[0mdefault_network_acl_id[0m[0m           = (known after apply)
      [32m+[0m [0m[1m[0mdefault_route_table_id[0m[0m           = (known after apply)
      [32m+[0m [0m[1m[0mdefault_security_group_id[0m[0m        = (known after apply)
      [32m+[0m [0m[1m[0mdhcp_options_id[0m[0m                  = (known after apply)
      [32m+[0m [0m[1m[0menable_classiclink[0m[0m               = (known after apply)
      [32m+[0m [0m[1m[0menable_classiclink_dns_support[0m[0m   = (known after apply)
      [32m+[0m [0m[1m[0menable_dns_hostnames[0m[0m             = false
      [32m+[0m [0m[1m[0menable_dns_support[0m[0m               = true
      [32m+[0m [0m[1m[0mid[0m[0m                               = (known after apply)
      [32m+[0m [0m[1m[0minstance_tenancy[0m[0m                 = "default"
      [32m+[0m [0m[1m[0mipv6_association_id[0m[0m              = (known after apply)
      [32m+[0m [0m[1m[0mipv6_cidr_block[0m[0m                  = (known after apply)
      [32m+[0m [0m[1m[0mmain_route_table_id[0m[0m              = (known after apply)
      [32m+[0m [0m[1m[0mowner_id[0m[0m                         = (known after apply)
      [32m+[0m [0m[1m[0mtags[0m[0m                             = {
          [32m+[0m [0m"Environment" = "Development"
          [32m+[0m [0m"Name"        = "fullstack"
          [32m+[0m [0m"Team"        = "Networking"
        }
      [32m+[0m [0m[1m[0mtags_all[0m[0m                         = {
          [32m+[0m [0m"Environment" = "Development"
          [32m+[0m [0m"Name"        = "fullstack"
          [32m+[0m [0m"Team"        = "Networking"
        }
    }

[0m[1mPlan:[0m 24 to add, 0 to change, 0 to destroy.
[0m[0m
[1mChanges to Outputs:[0m[0m
  [32m+[0m [0m[1m[0malb_url[0m[0m = (known after apply)
[Pipeline] sh
+ terraform show -no-color tfplan
[Pipeline] }
[Pipeline] // withEnv
[Pipeline] }
[Pipeline] // stage
[Pipeline] stage
[Pipeline] { (Approval)
[Pipeline] tool
[Pipeline] envVarsForTool
[Pipeline] withEnv
[Pipeline] {
[Pipeline] script
[Pipeline] {
[Pipeline] readFile
[Pipeline] input
Input requested
Approved by Aju Manoharan
[Pipeline] }
[Pipeline] // script
[Pipeline] }
[Pipeline] // withEnv
[Pipeline] }
[Pipeline] // stage
[Pipeline] stage
[Pipeline] { (Apply)
[Pipeline] tool
[Pipeline] envVarsForTool
[Pipeline] withEnv
[Pipeline] {
[Pipeline] sh
+ terraform apply -input=false tfplan
[0m[1mmodule.vpc.aws_vpc.this[0]: Creating...[0m[0m
[0m[1mmodule.vpc.aws_vpc.this[0]: Creation complete after 4s [id=vpc-05746a2bbed5846b3][0m
[0m[1mmodule.vpc.aws_route_table.private[1]: Creating...[0m[0m
[0m[1mmodule.vpc.aws_internet_gateway.this[0]: Creating...[0m[0m
[0m[1mmodule.vpc.aws_route_table.public[0]: Creating...[0m[0m
[0m[1mmodule.vpc.aws_route_table.private[0]: Creating...[0m[0m
[0m[1mmodule.vpc.aws_subnet.public[0]: Creating...[0m[0m
[0m[1mmodule.vpc.aws_subnet.private[1]: Creating...[0m[0m
[0m[1maws_lb_target_group.web_alb_tg: Creating...[0m[0m
[0m[1mmodule.vpc.aws_subnet.public[1]: Creating...[0m[0m
[0m[1mmodule.vpc.aws_subnet.private[0]: Creating...[0m[0m
[0m[1maws_security_group.alb: Creating...[0m[0m
[0m[1mmodule.vpc.aws_route_table.private[0]: Creation complete after 1s [id=rtb-02b46f171d989d4d7][0m
[0m[1mmodule.vpc.aws_subnet.private[1]: Creation complete after 1s [id=subnet-0d31b04edc4071996][0m
[0m[1mmodule.vpc.aws_subnet.private[0]: Creation complete after 1s [id=subnet-02b14a88a2340f9b8][0m
[0m[1mmodule.vpc.aws_route_table.private[1]: Creation complete after 2s [id=rtb-08532330430a59239][0m
[0m[1mmodule.vpc.aws_route_table.public[0]: Creation complete after 2s [id=rtb-0e2c380484c0ed5b5][0m
[0m[1mmodule.vpc.aws_route_table_association.private[0]: Creating...[0m[0m
[0m[1mmodule.vpc.aws_route_table_association.private[1]: Creating...[0m[0m
[0m[1mmodule.vpc.aws_internet_gateway.this[0]: Creation complete after 2s [id=igw-0b2086d0a2a13c631][0m
[0m[1mmodule.vpc.aws_route.public_internet_gateway[0]: Creating...[0m[0m
[0m[1maws_lb_target_group.web_alb_tg: Creation complete after 2s [id=arn:aws:elasticloadbalancing:us-east-1:839552834033:targetgroup/web-alb-tg/b86eb4d8dd398f63][0m
[0m[1mmodule.vpc.aws_route_table_association.private[0]: Creation complete after 1s [id=rtbassoc-0cde313d11d42ecfb][0m
[0m[1mmodule.vpc.aws_route_table_association.private[1]: Creation complete after 1s [id=rtbassoc-061798ef788ac1c19][0m
[0m[1maws_security_group.alb: Creation complete after 3s [id=sg-0f076c2c98a39be4c][0m
[0m[1maws_security_group.web_ec2: Creating...[0m[0m
[0m[1maws_security_group.rds: Creating...[0m[0m
[0m[1mmodule.vpc.aws_route.public_internet_gateway[0]: Creation complete after 1s [id=r-rtb-0e2c380484c0ed5b51080289494][0m
[0m[1maws_security_group.web_ec2: Creation complete after 3s [id=sg-022974415d0161fed][0m
[0m[1maws_security_group.rds: Creation complete after 3s [id=sg-006732c394abd67a6][0m
[0m[1maws_launch_template.web_template: Creating...[0m[0m
[0m[1maws_launch_template.web_template: Creation complete after 1s [id=lt-06fc8c5186da66396][0m
[0m[1mmodule.vpc.aws_subnet.public[0]: Still creating... [10s elapsed][0m[0m
[0m[1mmodule.vpc.aws_subnet.public[1]: Still creating... [10s elapsed][0m[0m
[0m[1mmodule.vpc.aws_subnet.public[0]: Creation complete after 12s [id=subnet-0cba957b76bb1f410][0m
[0m[1mmodule.vpc.aws_subnet.public[1]: Creation complete after 12s [id=subnet-08c07f67d465cd829][0m
[0m[1mmodule.vpc.aws_route_table_association.public[0]: Creating...[0m[0m
[0m[1mmodule.vpc.aws_route_table_association.public[1]: Creating...[0m[0m
[0m[1maws_lb.web_alb: Creating...[0m[0m
[0m[1maws_autoscaling_group.web_asg: Creating...[0m[0m
[0m[1mmodule.vpc.aws_route_table_association.public[1]: Creation complete after 1s [id=rtbassoc-08c3566a9d52709e2][0m
[0m[1mmodule.vpc.aws_route_table_association.public[0]: Creation complete after 1s [id=rtbassoc-003ed3e0fd667f0ea][0m
[0m[1maws_autoscaling_group.web_asg: Still creating... [10s elapsed][0m[0m
[0m[1maws_lb.web_alb: Still creating... [10s elapsed][0m[0m
[0m[1maws_lb.web_alb: Still creating... [20s elapsed][0m[0m
[0m[1maws_autoscaling_group.web_asg: Still creating... [20s elapsed][0m[0m
[0m[1maws_autoscaling_group.web_asg: Still creating... [30s elapsed][0m[0m
[0m[1maws_lb.web_alb: Still creating... [30s elapsed][0m[0m
[0m[1maws_lb.web_alb: Still creating... [40s elapsed][0m[0m
[0m[1maws_autoscaling_group.web_asg: Still creating... [40s elapsed][0m[0m
[0m[1maws_autoscaling_group.web_asg: Still creating... [50s elapsed][0m[0m
[0m[1maws_lb.web_alb: Still creating... [50s elapsed][0m[0m
[0m[1maws_lb.web_alb: Still creating... [1m0s elapsed][0m[0m
[0m[1maws_autoscaling_group.web_asg: Still creating... [1m0s elapsed][0m[0m
[0m[1maws_lb.web_alb: Still creating... [1m10s elapsed][0m[0m
[0m[1maws_autoscaling_group.web_asg: Still creating... [1m10s elapsed][0m[0m
[0m[1maws_autoscaling_group.web_asg: Creation complete after 1m11s [id=web-asg][0m
[0m[1maws_autoscaling_attachment.asg_attachment_web: Creating...[0m[0m
[0m[1maws_autoscaling_attachment.asg_attachment_web: Creation complete after 1s [id=web-asg-20210709015236949900000003][0m
[0m[1maws_lb.web_alb: Still creating... [1m20s elapsed][0m[0m
[0m[1maws_lb.web_alb: Still creating... [1m30s elapsed][0m[0m
[0m[1maws_lb.web_alb: Still creating... [1m40s elapsed][0m[0m
[0m[1maws_lb.web_alb: Still creating... [1m50s elapsed][0m[0m
[0m[1maws_lb.web_alb: Still creating... [2m1s elapsed][0m[0m
[0m[1maws_lb.web_alb: Creation complete after 2m5s [id=arn:aws:elasticloadbalancing:us-east-1:839552834033:loadbalancer/app/web-alb/7a4008ff42e2283a][0m
[0m[1maws_lb_listener.web_alb-listner: Creating...[0m[0m
[0m[1maws_lb_listener.web_alb-listner: Creation complete after 1s [id=arn:aws:elasticloadbalancing:us-east-1:839552834033:listener/app/web-alb/7a4008ff42e2283a/85adedda42e150c1][0m
[0m[1maws_lb_listener_rule.web_alb-listner-rule: Creating...[0m[0m
[0m[1maws_lb_listener_rule.web_alb-listner-rule: Creation complete after 1s [id=arn:aws:elasticloadbalancing:us-east-1:839552834033:listener-rule/app/web-alb/7a4008ff42e2283a/85adedda42e150c1/9c0905fed1f50390][0m
[0m[1m[32m
Apply complete! Resources: 24 added, 0 changed, 0 destroyed.
[0m[0m[1m[32m
Outputs:

[0malb_url = "web-alb-2003468874.us-east-1.elb.amazonaws.com"
[Pipeline] }
[Pipeline] // withEnv
[Pipeline] }
[Pipeline] // stage
[Pipeline] stage
[Pipeline] { (Declarative: Post Actions)
[Pipeline] sh
+ echo 'Send email on success'
Send email on success
[Pipeline] }
[Pipeline] // stage
[Pipeline] }
[Pipeline] // withEnv
[Pipeline] }
[Pipeline] // withEnv
[Pipeline] }
[Pipeline] // withCredentials
[Pipeline] }
[Pipeline] // withEnv
[Pipeline] }
[Pipeline] // node
[Pipeline] End of Pipeline
Finished: SUCCESS
